// !$*UTF8*$!
{
	archiveVersion = 1;
	classes = {
	};
	objectVersion = 46;
	objects = {

/* Begin PBXBuildFile section */
		0301EBC31BAF0A21007EF33A /* PodcastMediaTests.swift in Sources */ = {isa = PBXBuildFile; fileRef = 0301EBC21BAF0A21007EF33A /* PodcastMediaTests.swift */; settings = {ASSET_TAGS = (); }; };
		0301EBC51BAF0A6F007EF33A /* PodcastMediaSimulatorTests.swift in Sources */ = {isa = PBXBuildFile; fileRef = 0301EBC41BAF0A6F007EF33A /* PodcastMediaSimulatorTests.swift */; settings = {ASSET_TAGS = (); }; };
		0301EBC61BAF0B7B007EF33A /* PodcastMedia.swift in Sources */ = {isa = PBXBuildFile; fileRef = 03ABC4891B7E8A1300E258E3 /* PodcastMedia.swift */; };
		0358004E1B8112810028247D /* Main.storyboard in Resources */ = {isa = PBXBuildFile; fileRef = 0358004D1B8112810028247D /* Main.storyboard */; };
		0359A1221B7E4BE700C2DC32 /* AppDelegate.swift in Sources */ = {isa = PBXBuildFile; fileRef = 0359A1211B7E4BE700C2DC32 /* AppDelegate.swift */; };
		0359A1291B7E4BE700C2DC32 /* Assets.xcassets in Resources */ = {isa = PBXBuildFile; fileRef = 0359A1281B7E4BE700C2DC32 /* Assets.xcassets */; };
		0359A12C1B7E4BE700C2DC32 /* LaunchScreen.storyboard in Resources */ = {isa = PBXBuildFile; fileRef = 0359A12A1B7E4BE700C2DC32 /* LaunchScreen.storyboard */; };
		0359A1371B7E4BE800C2DC32 /* InstaClip_PlayerTests.swift in Sources */ = {isa = PBXBuildFile; fileRef = 0359A1361B7E4BE800C2DC32 /* InstaClip_PlayerTests.swift */; };
		0359A1421B7E4BE800C2DC32 /* InstaClip_PlayerUITests.swift in Sources */ = {isa = PBXBuildFile; fileRef = 0359A1411B7E4BE800C2DC32 /* InstaClip_PlayerUITests.swift */; };
		03650CC11B810B6D004E5863 /* ShowTableViewController.swift in Sources */ = {isa = PBXBuildFile; fileRef = 03650CC01B810B6D004E5863 /* ShowTableViewController.swift */; };
		037D87A91B8289F6003A5E6A /* SplitViewController.swift in Sources */ = {isa = PBXBuildFile; fileRef = 037D87A81B8289F6003A5E6A /* SplitViewController.swift */; };
		03ABC48A1B7E8A1300E258E3 /* PodcastMedia.swift in Sources */ = {isa = PBXBuildFile; fileRef = 03ABC4891B7E8A1300E258E3 /* PodcastMedia.swift */; };
		03B3FCFC1B7FDF0B004D6265 /* PodcastTableViewController.swift in Sources */ = {isa = PBXBuildFile; fileRef = 03B3FCFB1B7FDF0B004D6265 /* PodcastTableViewController.swift */; };
		03BA73E61B7E5DA700F4916F /* README.md in Sources */ = {isa = PBXBuildFile; fileRef = 03BA73E51B7E5DA700F4916F /* README.md */; };
		03BB2E1A1B8B84180057E702 /* PlayerModel.swift in Sources */ = {isa = PBXBuildFile; fileRef = 03BB2E191B8B84180057E702 /* PlayerModel.swift */; };
		03BB2E1E1B8B86050057E702 /* PlayerView.swift in Sources */ = {isa = PBXBuildFile; fileRef = 03BB2E1D1B8B86050057E702 /* PlayerView.swift */; };
		03D59C0A1B7E4D19008A1FE0 /* developing_perspective_224.mp3 in Resources */ = {isa = PBXBuildFile; fileRef = 03D59C091B7E4D19008A1FE0 /* developing_perspective_224.mp3 */; };
		03D59C131B7E4E01008A1FE0 /* ShareViewController.swift in Sources */ = {isa = PBXBuildFile; fileRef = 03D59C121B7E4E01008A1FE0 /* ShareViewController.swift */; };
		03D59C1A1B7E4E01008A1FE0 /* InstaClip Share.appex in Embed App Extensions */ = {isa = PBXBuildFile; fileRef = 03D59C101B7E4E01008A1FE0 /* InstaClip Share.appex */; settings = {ATTRIBUTES = (RemoveHeadersOnCopy, ); }; };
		03D59C201B7E4E2A008A1FE0 /* Clip.swift in Sources */ = {isa = PBXBuildFile; fileRef = 03D59C1F1B7E4E2A008A1FE0 /* Clip.swift */; };
		03D59C221B7E4E7A008A1FE0 /* MainInterface.storyboard in Resources */ = {isa = PBXBuildFile; fileRef = 03D59C211B7E4E7A008A1FE0 /* MainInterface.storyboard */; };
		03E8F24B1BA877D0000F3086 /* UserDefaults.swift in Sources */ = {isa = PBXBuildFile; fileRef = 03E8F24A1BA877CF000F3086 /* UserDefaults.swift */; };
		03EEAE2C1B90B70900333EEF /* Utils.swift in Sources */ = {isa = PBXBuildFile; fileRef = 03EEAE2B1B90B70900333EEF /* Utils.swift */; };
		03EEF7771B8F8B86006DF737 /* PlayerViewModel.swift in Sources */ = {isa = PBXBuildFile; fileRef = 03EEF7761B8F8B86006DF737 /* PlayerViewModel.swift */; };
/* End PBXBuildFile section */

/* Begin PBXContainerItemProxy section */
		0359A1331B7E4BE800C2DC32 /* PBXContainerItemProxy */ = {
			isa = PBXContainerItemProxy;
			containerPortal = 0359A1161B7E4BE700C2DC32 /* Project object */;
			proxyType = 1;
			remoteGlobalIDString = 0359A11D1B7E4BE700C2DC32;
			remoteInfo = "InstaClip Player";
		};
		0359A13E1B7E4BE800C2DC32 /* PBXContainerItemProxy */ = {
			isa = PBXContainerItemProxy;
			containerPortal = 0359A1161B7E4BE700C2DC32 /* Project object */;
			proxyType = 1;
			remoteGlobalIDString = 0359A11D1B7E4BE700C2DC32;
			remoteInfo = "InstaClip Player";
		};
		03D59C181B7E4E01008A1FE0 /* PBXContainerItemProxy */ = {
			isa = PBXContainerItemProxy;
			containerPortal = 0359A1161B7E4BE700C2DC32 /* Project object */;
			proxyType = 1;
			remoteGlobalIDString = 03D59C0F1B7E4E01008A1FE0;
			remoteInfo = "InstaClip Share";
		};
/* End PBXContainerItemProxy section */

/* Begin PBXCopyFilesBuildPhase section */
		03D59C1E1B7E4E02008A1FE0 /* Embed App Extensions */ = {
			isa = PBXCopyFilesBuildPhase;
			buildActionMask = 2147483647;
			dstPath = "";
			dstSubfolderSpec = 13;
			files = (
				03D59C1A1B7E4E01008A1FE0 /* InstaClip Share.appex in Embed App Extensions */,
			);
			name = "Embed App Extensions";
			runOnlyForDeploymentPostprocessing = 0;
		};
/* End PBXCopyFilesBuildPhase section */

/* Begin PBXFileReference section */
		0301EBC21BAF0A21007EF33A /* PodcastMediaTests.swift */ = {isa = PBXFileReference; fileEncoding = 4; lastKnownFileType = sourcecode.swift; path = PodcastMediaTests.swift; sourceTree = "<group>"; };
		0301EBC41BAF0A6F007EF33A /* PodcastMediaSimulatorTests.swift */ = {isa = PBXFileReference; fileEncoding = 4; lastKnownFileType = sourcecode.swift; path = PodcastMediaSimulatorTests.swift; sourceTree = "<group>"; };
		0358004D1B8112810028247D /* Main.storyboard */ = {isa = PBXFileReference; fileEncoding = 4; lastKnownFileType = file.storyboard; path = Main.storyboard; sourceTree = "<group>"; };
		0359A11E1B7E4BE700C2DC32 /* InstaClip Player.app */ = {isa = PBXFileReference; explicitFileType = wrapper.application; includeInIndex = 0; path = "InstaClip Player.app"; sourceTree = BUILT_PRODUCTS_DIR; };
		0359A1211B7E4BE700C2DC32 /* AppDelegate.swift */ = {isa = PBXFileReference; lastKnownFileType = sourcecode.swift; path = AppDelegate.swift; sourceTree = "<group>"; };
		0359A1281B7E4BE700C2DC32 /* Assets.xcassets */ = {isa = PBXFileReference; lastKnownFileType = folder.assetcatalog; path = Assets.xcassets; sourceTree = "<group>"; };
		0359A12B1B7E4BE700C2DC32 /* Base */ = {isa = PBXFileReference; lastKnownFileType = file.storyboard; name = Base; path = Base.lproj/LaunchScreen.storyboard; sourceTree = "<group>"; };
		0359A12D1B7E4BE700C2DC32 /* Info.plist */ = {isa = PBXFileReference; lastKnownFileType = text.plist.xml; path = Info.plist; sourceTree = "<group>"; };
		0359A1321B7E4BE800C2DC32 /* InstaClip PlayerTests.xctest */ = {isa = PBXFileReference; explicitFileType = wrapper.cfbundle; includeInIndex = 0; path = "InstaClip PlayerTests.xctest"; sourceTree = BUILT_PRODUCTS_DIR; };
		0359A1361B7E4BE800C2DC32 /* InstaClip_PlayerTests.swift */ = {isa = PBXFileReference; lastKnownFileType = sourcecode.swift; path = InstaClip_PlayerTests.swift; sourceTree = "<group>"; };
		0359A1381B7E4BE800C2DC32 /* Info.plist */ = {isa = PBXFileReference; lastKnownFileType = text.plist.xml; path = Info.plist; sourceTree = "<group>"; };
		0359A13D1B7E4BE800C2DC32 /* InstaClip PlayerUITests.xctest */ = {isa = PBXFileReference; explicitFileType = wrapper.cfbundle; includeInIndex = 0; path = "InstaClip PlayerUITests.xctest"; sourceTree = BUILT_PRODUCTS_DIR; };
		0359A1411B7E4BE800C2DC32 /* InstaClip_PlayerUITests.swift */ = {isa = PBXFileReference; lastKnownFileType = sourcecode.swift; path = InstaClip_PlayerUITests.swift; sourceTree = "<group>"; };
		0359A1431B7E4BE800C2DC32 /* Info.plist */ = {isa = PBXFileReference; lastKnownFileType = text.plist.xml; path = Info.plist; sourceTree = "<group>"; };
		03650CC01B810B6D004E5863 /* ShowTableViewController.swift */ = {isa = PBXFileReference; fileEncoding = 4; lastKnownFileType = sourcecode.swift; path = ShowTableViewController.swift; sourceTree = "<group>"; };
		037D87A81B8289F6003A5E6A /* SplitViewController.swift */ = {isa = PBXFileReference; fileEncoding = 4; lastKnownFileType = sourcecode.swift; path = SplitViewController.swift; sourceTree = "<group>"; };
		03ABC4891B7E8A1300E258E3 /* PodcastMedia.swift */ = {isa = PBXFileReference; fileEncoding = 4; lastKnownFileType = sourcecode.swift; path = PodcastMedia.swift; sourceTree = "<group>"; };
		03B3FCFB1B7FDF0B004D6265 /* PodcastTableViewController.swift */ = {isa = PBXFileReference; fileEncoding = 4; lastKnownFileType = sourcecode.swift; path = PodcastTableViewController.swift; sourceTree = "<group>"; };
		03BA73E51B7E5DA700F4916F /* README.md */ = {isa = PBXFileReference; fileEncoding = 4; lastKnownFileType = net.daringfireball.markdown; path = README.md; sourceTree = "<group>"; };
		03BB2E191B8B84180057E702 /* PlayerModel.swift */ = {isa = PBXFileReference; fileEncoding = 4; lastKnownFileType = sourcecode.swift; path = PlayerModel.swift; sourceTree = "<group>"; };
		03BB2E1D1B8B86050057E702 /* PlayerView.swift */ = {isa = PBXFileReference; fileEncoding = 4; lastKnownFileType = sourcecode.swift; path = PlayerView.swift; sourceTree = "<group>"; };
		03D59C091B7E4D19008A1FE0 /* developing_perspective_224.mp3 */ = {isa = PBXFileReference; lastKnownFileType = audio.mp3; path = developing_perspective_224.mp3; sourceTree = "<group>"; };
		03D59C101B7E4E01008A1FE0 /* InstaClip Share.appex */ = {isa = PBXFileReference; explicitFileType = "wrapper.app-extension"; includeInIndex = 0; path = "InstaClip Share.appex"; sourceTree = BUILT_PRODUCTS_DIR; };
		03D59C121B7E4E01008A1FE0 /* ShareViewController.swift */ = {isa = PBXFileReference; lastKnownFileType = sourcecode.swift; path = ShareViewController.swift; sourceTree = "<group>"; };
		03D59C171B7E4E01008A1FE0 /* Info.plist */ = {isa = PBXFileReference; lastKnownFileType = text.plist.xml; path = Info.plist; sourceTree = "<group>"; };
		03D59C1F1B7E4E2A008A1FE0 /* Clip.swift */ = {isa = PBXFileReference; fileEncoding = 4; lastKnownFileType = sourcecode.swift; path = Clip.swift; sourceTree = "<group>"; };
		03D59C211B7E4E7A008A1FE0 /* MainInterface.storyboard */ = {isa = PBXFileReference; fileEncoding = 4; lastKnownFileType = file.storyboard; path = MainInterface.storyboard; sourceTree = "<group>"; };
		03E8F24A1BA877CF000F3086 /* UserDefaults.swift */ = {isa = PBXFileReference; fileEncoding = 4; lastKnownFileType = sourcecode.swift; path = UserDefaults.swift; sourceTree = "<group>"; };
		03EEAE2B1B90B70900333EEF /* Utils.swift */ = {isa = PBXFileReference; fileEncoding = 4; lastKnownFileType = sourcecode.swift; path = Utils.swift; sourceTree = "<group>"; };
		03EEF7761B8F8B86006DF737 /* PlayerViewModel.swift */ = {isa = PBXFileReference; fileEncoding = 4; lastKnownFileType = sourcecode.swift; path = PlayerViewModel.swift; sourceTree = "<group>"; };
/* End PBXFileReference section */

/* Begin PBXFrameworksBuildPhase section */
		0359A11B1B7E4BE700C2DC32 /* Frameworks */ = {
			isa = PBXFrameworksBuildPhase;
			buildActionMask = 2147483647;
			files = (
			);
			runOnlyForDeploymentPostprocessing = 0;
		};
		0359A12F1B7E4BE800C2DC32 /* Frameworks */ = {
			isa = PBXFrameworksBuildPhase;
			buildActionMask = 2147483647;
			files = (
			);
			runOnlyForDeploymentPostprocessing = 0;
		};
		0359A13A1B7E4BE800C2DC32 /* Frameworks */ = {
			isa = PBXFrameworksBuildPhase;
			buildActionMask = 2147483647;
			files = (
			);
			runOnlyForDeploymentPostprocessing = 0;
		};
		03D59C0D1B7E4E01008A1FE0 /* Frameworks */ = {
			isa = PBXFrameworksBuildPhase;
			buildActionMask = 2147483647;
			files = (
			);
			runOnlyForDeploymentPostprocessing = 0;
		};
/* End PBXFrameworksBuildPhase section */

/* Begin PBXGroup section */
		0359A1151B7E4BE700C2DC32 = {
			isa = PBXGroup;
			children = (
				0359A1201B7E4BE700C2DC32 /* InstaClip Player */,
				0359A1351B7E4BE800C2DC32 /* InstaClip PlayerTests */,
				0359A1401B7E4BE800C2DC32 /* InstaClip PlayerUITests */,
				03D59C111B7E4E01008A1FE0 /* InstaClip Share */,
				0359A11F1B7E4BE700C2DC32 /* Products */,
				03D59C0B1B7E4D25008A1FE0 /* Supporting Files */,
			);
			sourceTree = "<group>";
		};
		0359A11F1B7E4BE700C2DC32 /* Products */ = {
			isa = PBXGroup;
			children = (
				0359A11E1B7E4BE700C2DC32 /* InstaClip Player.app */,
				0359A1321B7E4BE800C2DC32 /* InstaClip PlayerTests.xctest */,
				0359A13D1B7E4BE800C2DC32 /* InstaClip PlayerUITests.xctest */,
				03D59C101B7E4E01008A1FE0 /* InstaClip Share.appex */,
			);
			name = Products;
			sourceTree = "<group>";
		};
		0359A1201B7E4BE700C2DC32 /* InstaClip Player */ = {
			isa = PBXGroup;
			children = (
				0359A1211B7E4BE700C2DC32 /* AppDelegate.swift */,
				03EEAE2B1B90B70900333EEF /* Utils.swift */,
				037D87A81B8289F6003A5E6A /* SplitViewController.swift */,
				03B3FCFB1B7FDF0B004D6265 /* PodcastTableViewController.swift */,
				03BB2E1D1B8B86050057E702 /* PlayerView.swift */,
				03650CC01B810B6D004E5863 /* ShowTableViewController.swift */,
				03EEF7761B8F8B86006DF737 /* PlayerViewModel.swift */,
				03BB2E191B8B84180057E702 /* PlayerModel.swift */,
				03ABC4891B7E8A1300E258E3 /* PodcastMedia.swift */,
				03E8F24A1BA877CF000F3086 /* UserDefaults.swift */,
				0358004D1B8112810028247D /* Main.storyboard */,
				0359A1281B7E4BE700C2DC32 /* Assets.xcassets */,
				0359A12A1B7E4BE700C2DC32 /* LaunchScreen.storyboard */,
				0359A12D1B7E4BE700C2DC32 /* Info.plist */,
			);
			path = "InstaClip Player";
			sourceTree = "<group>";
		};
		0359A1351B7E4BE800C2DC32 /* InstaClip PlayerTests */ = {
			isa = PBXGroup;
			children = (
				0359A1361B7E4BE800C2DC32 /* InstaClip_PlayerTests.swift */,
				0301EBC21BAF0A21007EF33A /* PodcastMediaTests.swift */,
				0301EBC41BAF0A6F007EF33A /* PodcastMediaSimulatorTests.swift */,
				0359A1381B7E4BE800C2DC32 /* Info.plist */,
			);
			path = "InstaClip PlayerTests";
			sourceTree = "<group>";
		};
		0359A1401B7E4BE800C2DC32 /* InstaClip PlayerUITests */ = {
			isa = PBXGroup;
			children = (
				0359A1411B7E4BE800C2DC32 /* InstaClip_PlayerUITests.swift */,
				0359A1431B7E4BE800C2DC32 /* Info.plist */,
			);
			path = "InstaClip PlayerUITests";
			sourceTree = "<group>";
		};
		03D59C0B1B7E4D25008A1FE0 /* Supporting Files */ = {
			isa = PBXGroup;
			children = (
				03BA73E51B7E5DA700F4916F /* README.md */,
				03D59C091B7E4D19008A1FE0 /* developing_perspective_224.mp3 */,
			);
			name = "Supporting Files";
			sourceTree = "<group>";
		};
		03D59C111B7E4E01008A1FE0 /* InstaClip Share */ = {
			isa = PBXGroup;
			children = (
				03D59C1F1B7E4E2A008A1FE0 /* Clip.swift */,
				03D59C121B7E4E01008A1FE0 /* ShareViewController.swift */,
				03D59C211B7E4E7A008A1FE0 /* MainInterface.storyboard */,
				03D59C171B7E4E01008A1FE0 /* Info.plist */,
			);
			path = "InstaClip Share";
			sourceTree = "<group>";
		};
/* End PBXGroup section */

/* Begin PBXNativeTarget section */
		0359A11D1B7E4BE700C2DC32 /* InstaClip Player */ = {
			isa = PBXNativeTarget;
			buildConfigurationList = 0359A1461B7E4BE800C2DC32 /* Build configuration list for PBXNativeTarget "InstaClip Player" */;
			buildPhases = (
				0359A11A1B7E4BE700C2DC32 /* Sources */,
				0359A11B1B7E4BE700C2DC32 /* Frameworks */,
				0359A11C1B7E4BE700C2DC32 /* Resources */,
				03D59C1E1B7E4E02008A1FE0 /* Embed App Extensions */,
			);
			buildRules = (
			);
			dependencies = (
				03D59C191B7E4E01008A1FE0 /* PBXTargetDependency */,
			);
			name = "InstaClip Player";
			productName = "InstaClip Player";
			productReference = 0359A11E1B7E4BE700C2DC32 /* InstaClip Player.app */;
			productType = "com.apple.product-type.application";
		};
		0359A1311B7E4BE800C2DC32 /* InstaClip PlayerTests */ = {
			isa = PBXNativeTarget;
			buildConfigurationList = 0359A1491B7E4BE800C2DC32 /* Build configuration list for PBXNativeTarget "InstaClip PlayerTests" */;
			buildPhases = (
				0359A12E1B7E4BE800C2DC32 /* Sources */,
				0359A12F1B7E4BE800C2DC32 /* Frameworks */,
				0359A1301B7E4BE800C2DC32 /* Resources */,
			);
			buildRules = (
			);
			dependencies = (
				0359A1341B7E4BE800C2DC32 /* PBXTargetDependency */,
			);
			name = "InstaClip PlayerTests";
			productName = "InstaClip PlayerTests";
			productReference = 0359A1321B7E4BE800C2DC32 /* InstaClip PlayerTests.xctest */;
			productType = "com.apple.product-type.bundle.unit-test";
		};
		0359A13C1B7E4BE800C2DC32 /* InstaClip PlayerUITests */ = {
			isa = PBXNativeTarget;
			buildConfigurationList = 0359A14C1B7E4BE800C2DC32 /* Build configuration list for PBXNativeTarget "InstaClip PlayerUITests" */;
			buildPhases = (
				0359A1391B7E4BE800C2DC32 /* Sources */,
				0359A13A1B7E4BE800C2DC32 /* Frameworks */,
				0359A13B1B7E4BE800C2DC32 /* Resources */,
			);
			buildRules = (
			);
			dependencies = (
				0359A13F1B7E4BE800C2DC32 /* PBXTargetDependency */,
			);
			name = "InstaClip PlayerUITests";
			productName = "InstaClip PlayerUITests";
			productReference = 0359A13D1B7E4BE800C2DC32 /* InstaClip PlayerUITests.xctest */;
			productType = "com.apple.product-type.bundle.ui-testing";
		};
		03D59C0F1B7E4E01008A1FE0 /* InstaClip Share */ = {
			isa = PBXNativeTarget;
			buildConfigurationList = 03D59C1B1B7E4E02008A1FE0 /* Build configuration list for PBXNativeTarget "InstaClip Share" */;
			buildPhases = (
				03D59C0C1B7E4E01008A1FE0 /* Sources */,
				03D59C0D1B7E4E01008A1FE0 /* Frameworks */,
				03D59C0E1B7E4E01008A1FE0 /* Resources */,
			);
			buildRules = (
			);
			dependencies = (
			);
			name = "InstaClip Share";
			productName = "InstaClip Share";
			productReference = 03D59C101B7E4E01008A1FE0 /* InstaClip Share.appex */;
			productType = "com.apple.product-type.app-extension";
		};
/* End PBXNativeTarget section */

/* Begin PBXProject section */
		0359A1161B7E4BE700C2DC32 /* Project object */ = {
			isa = PBXProject;
			attributes = {
				LastSwiftUpdateCheck = 0710;
				LastUpgradeCheck = 0700;
				ORGANIZATIONNAME = "Moonrise Software";
				TargetAttributes = {
					0359A11D1B7E4BE700C2DC32 = {
						CreatedOnToolsVersion = 7.0;
						SystemCapabilities = {
							com.apple.BackgroundModes = {
								enabled = 1;
							};
						};
					};
					0359A1311B7E4BE800C2DC32 = {
						CreatedOnToolsVersion = 7.0;
						TestTargetID = 0359A11D1B7E4BE700C2DC32;
					};
					0359A13C1B7E4BE800C2DC32 = {
						CreatedOnToolsVersion = 7.0;
						TestTargetID = 0359A11D1B7E4BE700C2DC32;
					};
					03D59C0F1B7E4E01008A1FE0 = {
						CreatedOnToolsVersion = 7.0;
					};
				};
			};
			buildConfigurationList = 0359A1191B7E4BE700C2DC32 /* Build configuration list for PBXProject "InstaClip Player" */;
			compatibilityVersion = "Xcode 3.2";
			developmentRegion = English;
			hasScannedForEncodings = 0;
			knownRegions = (
				en,
				Base,
			);
			mainGroup = 0359A1151B7E4BE700C2DC32;
			productRefGroup = 0359A11F1B7E4BE700C2DC32 /* Products */;
			projectDirPath = "";
			projectRoot = "";
			targets = (
				0359A11D1B7E4BE700C2DC32 /* InstaClip Player */,
				0359A1311B7E4BE800C2DC32 /* InstaClip PlayerTests */,
				0359A13C1B7E4BE800C2DC32 /* InstaClip PlayerUITests */,
				03D59C0F1B7E4E01008A1FE0 /* InstaClip Share */,
			);
		};
/* End PBXProject section */

/* Begin PBXResourcesBuildPhase section */
		0359A11C1B7E4BE700C2DC32 /* Resources */ = {
			isa = PBXResourcesBuildPhase;
			buildActionMask = 2147483647;
			files = (
				03D59C0A1B7E4D19008A1FE0 /* developing_perspective_224.mp3 in Resources */,
				0359A12C1B7E4BE700C2DC32 /* LaunchScreen.storyboard in Resources */,
				0359A1291B7E4BE700C2DC32 /* Assets.xcassets in Resources */,
				0358004E1B8112810028247D /* Main.storyboard in Resources */,
			);
			runOnlyForDeploymentPostprocessing = 0;
		};
		0359A1301B7E4BE800C2DC32 /* Resources */ = {
			isa = PBXResourcesBuildPhase;
			buildActionMask = 2147483647;
			files = (
			);
			runOnlyForDeploymentPostprocessing = 0;
		};
		0359A13B1B7E4BE800C2DC32 /* Resources */ = {
			isa = PBXResourcesBuildPhase;
			buildActionMask = 2147483647;
			files = (
			);
			runOnlyForDeploymentPostprocessing = 0;
		};
		03D59C0E1B7E4E01008A1FE0 /* Resources */ = {
			isa = PBXResourcesBuildPhase;
			buildActionMask = 2147483647;
			files = (
				03D59C221B7E4E7A008A1FE0 /* MainInterface.storyboard in Resources */,
			);
			runOnlyForDeploymentPostprocessing = 0;
		};
/* End PBXResourcesBuildPhase section */

/* Begin PBXSourcesBuildPhase section */
		0359A11A1B7E4BE700C2DC32 /* Sources */ = {
			isa = PBXSourcesBuildPhase;
			buildActionMask = 2147483647;
			files = (
				03EEF7771B8F8B86006DF737 /* PlayerViewModel.swift in Sources */,
				03650CC11B810B6D004E5863 /* ShowTableViewController.swift in Sources */,
				03BB2E1A1B8B84180057E702 /* PlayerModel.swift in Sources */,
				03E8F24B1BA877D0000F3086 /* UserDefaults.swift in Sources */,
				03BB2E1E1B8B86050057E702 /* PlayerView.swift in Sources */,
				03BA73E61B7E5DA700F4916F /* README.md in Sources */,
				03EEAE2C1B90B70900333EEF /* Utils.swift in Sources */,
				037D87A91B8289F6003A5E6A /* SplitViewController.swift in Sources */,
				0359A1221B7E4BE700C2DC32 /* AppDelegate.swift in Sources */,
				03B3FCFC1B7FDF0B004D6265 /* PodcastTableViewController.swift in Sources */,
				03ABC48A1B7E8A1300E258E3 /* PodcastMedia.swift in Sources */,
			);
			runOnlyForDeploymentPostprocessing = 0;
		};
		0359A12E1B7E4BE800C2DC32 /* Sources */ = {
			isa = PBXSourcesBuildPhase;
			buildActionMask = 2147483647;
			files = (
				0301EBC61BAF0B7B007EF33A /* PodcastMedia.swift in Sources */,
				0301EBC51BAF0A6F007EF33A /* PodcastMediaSimulatorTests.swift in Sources */,
				0359A1371B7E4BE800C2DC32 /* InstaClip_PlayerTests.swift in Sources */,
				0301EBC31BAF0A21007EF33A /* PodcastMediaTests.swift in Sources */,
			);
			runOnlyForDeploymentPostprocessing = 0;
		};
		0359A1391B7E4BE800C2DC32 /* Sources */ = {
			isa = PBXSourcesBuildPhase;
			buildActionMask = 2147483647;
			files = (
				0359A1421B7E4BE800C2DC32 /* InstaClip_PlayerUITests.swift in Sources */,
			);
			runOnlyForDeploymentPostprocessing = 0;
		};
		03D59C0C1B7E4E01008A1FE0 /* Sources */ = {
			isa = PBXSourcesBuildPhase;
			buildActionMask = 2147483647;
			files = (
				03D59C131B7E4E01008A1FE0 /* ShareViewController.swift in Sources */,
				03D59C201B7E4E2A008A1FE0 /* Clip.swift in Sources */,
			);
			runOnlyForDeploymentPostprocessing = 0;
		};
/* End PBXSourcesBuildPhase section */

/* Begin PBXTargetDependency section */
		0359A1341B7E4BE800C2DC32 /* PBXTargetDependency */ = {
			isa = PBXTargetDependency;
			target = 0359A11D1B7E4BE700C2DC32 /* InstaClip Player */;
			targetProxy = 0359A1331B7E4BE800C2DC32 /* PBXContainerItemProxy */;
		};
		0359A13F1B7E4BE800C2DC32 /* PBXTargetDependency */ = {
			isa = PBXTargetDependency;
			target = 0359A11D1B7E4BE700C2DC32 /* InstaClip Player */;
			targetProxy = 0359A13E1B7E4BE800C2DC32 /* PBXContainerItemProxy */;
		};
		03D59C191B7E4E01008A1FE0 /* PBXTargetDependency */ = {
			isa = PBXTargetDependency;
			target = 03D59C0F1B7E4E01008A1FE0 /* InstaClip Share */;
			targetProxy = 03D59C181B7E4E01008A1FE0 /* PBXContainerItemProxy */;
		};
/* End PBXTargetDependency section */

/* Begin PBXVariantGroup section */
		0359A12A1B7E4BE700C2DC32 /* LaunchScreen.storyboard */ = {
			isa = PBXVariantGroup;
			children = (
				0359A12B1B7E4BE700C2DC32 /* Base */,
			);
			name = LaunchScreen.storyboard;
			sourceTree = "<group>";
		};
/* End PBXVariantGroup section */

/* Begin XCBuildConfiguration section */
		0359A1441B7E4BE800C2DC32 /* Debug */ = {
			isa = XCBuildConfiguration;
			buildSettings = {
				ALWAYS_SEARCH_USER_PATHS = NO;
				CLANG_CXX_LANGUAGE_STANDARD = "gnu++0x";
				CLANG_CXX_LIBRARY = "libc++";
				CLANG_ENABLE_MODULES = YES;
				CLANG_ENABLE_OBJC_ARC = YES;
				CLANG_WARN_BOOL_CONVERSION = YES;
				CLANG_WARN_CONSTANT_CONVERSION = YES;
				CLANG_WARN_DIRECT_OBJC_ISA_USAGE = YES_ERROR;
				CLANG_WARN_EMPTY_BODY = YES;
				CLANG_WARN_ENUM_CONVERSION = YES;
				CLANG_WARN_INT_CONVERSION = YES;
				CLANG_WARN_OBJC_ROOT_CLASS = YES_ERROR;
				CLANG_WARN_UNREACHABLE_CODE = YES;
				CLANG_WARN__DUPLICATE_METHOD_MATCH = YES;
				"CODE_SIGN_IDENTITY[sdk=iphoneos*]" = "iPhone Developer";
				COPY_PHASE_STRIP = NO;
				DEBUG_INFORMATION_FORMAT = dwarf;
				ENABLE_STRICT_OBJC_MSGSEND = YES;
				ENABLE_TESTABILITY = YES;
				GCC_C_LANGUAGE_STANDARD = gnu99;
				GCC_DYNAMIC_NO_PIC = NO;
				GCC_NO_COMMON_BLOCKS = YES;
				GCC_OPTIMIZATION_LEVEL = 0;
				GCC_PREPROCESSOR_DEFINITIONS = (
					"DEBUG=1",
					"$(inherited)",
				);
				GCC_WARN_64_TO_32_BIT_CONVERSION = YES;
				GCC_WARN_ABOUT_RETURN_TYPE = YES_ERROR;
				GCC_WARN_UNDECLARED_SELECTOR = YES;
				GCC_WARN_UNINITIALIZED_AUTOS = YES_AGGRESSIVE;
				GCC_WARN_UNUSED_FUNCTION = YES;
				GCC_WARN_UNUSED_VARIABLE = YES;
				IPHONEOS_DEPLOYMENT_TARGET = 9.0;
				MTL_ENABLE_DEBUG_INFO = YES;
				ONLY_ACTIVE_ARCH = YES;
				SDKROOT = iphoneos;
				SWIFT_OPTIMIZATION_LEVEL = "-Onone";
				TARGETED_DEVICE_FAMILY = "1,2";
			};
			name = Debug;
		};
		0359A1451B7E4BE800C2DC32 /* Release */ = {
			isa = XCBuildConfiguration;
			buildSettings = {
				ALWAYS_SEARCH_USER_PATHS = NO;
				CLANG_CXX_LANGUAGE_STANDARD = "gnu++0x";
				CLANG_CXX_LIBRARY = "libc++";
				CLANG_ENABLE_MODULES = YES;
				CLANG_ENABLE_OBJC_ARC = YES;
				CLANG_WARN_BOOL_CONVERSION = YES;
				CLANG_WARN_CONSTANT_CONVERSION = YES;
				CLANG_WARN_DIRECT_OBJC_ISA_USAGE = YES_ERROR;
				CLANG_WARN_EMPTY_BODY = YES;
				CLANG_WARN_ENUM_CONVERSION = YES;
				CLANG_WARN_INT_CONVERSION = YES;
				CLANG_WARN_OBJC_ROOT_CLASS = YES_ERROR;
				CLANG_WARN_UNREACHABLE_CODE = YES;
				CLANG_WARN__DUPLICATE_METHOD_MATCH = YES;
				"CODE_SIGN_IDENTITY[sdk=iphoneos*]" = "iPhone Developer";
				COPY_PHASE_STRIP = NO;
				DEBUG_INFORMATION_FORMAT = "dwarf-with-dsym";
				ENABLE_NS_ASSERTIONS = NO;
				ENABLE_STRICT_OBJC_MSGSEND = YES;
				GCC_C_LANGUAGE_STANDARD = gnu99;
				GCC_NO_COMMON_BLOCKS = YES;
				GCC_WARN_64_TO_32_BIT_CONVERSION = YES;
				GCC_WARN_ABOUT_RETURN_TYPE = YES_ERROR;
				GCC_WARN_UNDECLARED_SELECTOR = YES;
				GCC_WARN_UNINITIALIZED_AUTOS = YES_AGGRESSIVE;
				GCC_WARN_UNUSED_FUNCTION = YES;
				GCC_WARN_UNUSED_VARIABLE = YES;
				IPHONEOS_DEPLOYMENT_TARGET = 9.0;
				MTL_ENABLE_DEBUG_INFO = NO;
				SDKROOT = iphoneos;
				TARGETED_DEVICE_FAMILY = "1,2";
				VALIDATE_PRODUCT = YES;
			};
			name = Release;
		};
		0359A1471B7E4BE800C2DC32 /* Debug */ = {
			isa = XCBuildConfiguration;
			buildSettings = {
				ASSETCATALOG_COMPILER_APPICON_NAME = AppIcon;
				EMBEDDED_CONTENT_CONTAINS_SWIFT = YES;
				INFOPLIST_FILE = "InstaClip Player/Info.plist";
				LD_RUNPATH_SEARCH_PATHS = "$(inherited) @executable_path/Frameworks";
				PRODUCT_BUNDLE_IDENTIFIER = "net.moonrisesoftware.InstaClip-Player";
				PRODUCT_NAME = "$(TARGET_NAME)";
			};
			name = Debug;
		};
		0359A1481B7E4BE800C2DC32 /* Release */ = {
			isa = XCBuildConfiguration;
			buildSettings = {
				ASSETCATALOG_COMPILER_APPICON_NAME = AppIcon;
				EMBEDDED_CONTENT_CONTAINS_SWIFT = YES;
				INFOPLIST_FILE = "InstaClip Player/Info.plist";
				LD_RUNPATH_SEARCH_PATHS = "$(inherited) @executable_path/Frameworks";
				PRODUCT_BUNDLE_IDENTIFIER = "net.moonrisesoftware.InstaClip-Player";
				PRODUCT_NAME = "$(TARGET_NAME)";
			};
			name = Release;
		};
		0359A14A1B7E4BE800C2DC32 /* Debug */ = {
			isa = XCBuildConfiguration;
			buildSettings = {
				BUNDLE_LOADER = "$(TEST_HOST)";
				INFOPLIST_FILE = "InstaClip PlayerTests/Info.plist";
				LD_RUNPATH_SEARCH_PATHS = "$(inherited) @executable_path/Frameworks @loader_path/Frameworks";
				PRODUCT_BUNDLE_IDENTIFIER = "net.moonrisesoftware.InstaClip-PlayerTests";
				PRODUCT_NAME = "$(TARGET_NAME)";
				TEST_HOST = "$(BUILT_PRODUCTS_DIR)/InstaClip Player.app/InstaClip Player";
			};
			name = Debug;
		};
		0359A14B1B7E4BE800C2DC32 /* Release */ = {
			isa = XCBuildConfiguration;
			buildSettings = {
				BUNDLE_LOADER = "$(TEST_HOST)";
				INFOPLIST_FILE = "InstaClip PlayerTests/Info.plist";
				LD_RUNPATH_SEARCH_PATHS = "$(inherited) @executable_path/Frameworks @loader_path/Frameworks";
				PRODUCT_BUNDLE_IDENTIFIER = "net.moonrisesoftware.InstaClip-PlayerTests";
				PRODUCT_NAME = "$(TARGET_NAME)";
				TEST_HOST = "$(BUILT_PRODUCTS_DIR)/InstaClip Player.app/InstaClip Player";
			};
			name = Release;
		};
		0359A14D1B7E4BE800C2DC32 /* Debug */ = {
			isa = XCBuildConfiguration;
			buildSettings = {
				INFOPLIST_FILE = "InstaClip PlayerUITests/Info.plist";
				LD_RUNPATH_SEARCH_PATHS = "$(inherited) @executable_path/Frameworks @loader_path/Frameworks";
				PRODUCT_BUNDLE_IDENTIFIER = "net.moonrisesoftware.InstaClip-PlayerUITests";
				PRODUCT_NAME = "$(TARGET_NAME)";
				TEST_TARGET_NAME = "InstaClip Player";
				USES_XCTRUNNER = YES;
			};
			name = Debug;
		};
		0359A14E1B7E4BE800C2DC32 /* Release */ = {
			isa = XCBuildConfiguration;
			buildSettings = {
				INFOPLIST_FILE = "InstaClip PlayerUITests/Info.plist";
				LD_RUNPATH_SEARCH_PATHS = "$(inherited) @executable_path/Frameworks @loader_path/Frameworks";
				PRODUCT_BUNDLE_IDENTIFIER = "net.moonrisesoftware.InstaClip-PlayerUITests";
				PRODUCT_NAME = "$(TARGET_NAME)";
				TEST_TARGET_NAME = "InstaClip Player";
				USES_XCTRUNNER = YES;
			};
			name = Release;
		};
		03D59C1C1B7E4E02008A1FE0 /* Debug */ = {
			isa = XCBuildConfiguration;
			buildSettings = {
				INFOPLIST_FILE = "InstaClip Share/Info.plist";
				LD_RUNPATH_SEARCH_PATHS = "$(inherited) @executable_path/Frameworks @executable_path/../../Frameworks";
				PRODUCT_BUNDLE_IDENTIFIER = "net.moonrisesoftware.InstaClip-Player.InstaClip-Share";
				PRODUCT_NAME = "$(TARGET_NAME)";
				SKIP_INSTALL = YES;
			};
			name = Debug;
		};
		03D59C1D1B7E4E02008A1FE0 /* Release */ = {
			isa = XCBuildConfiguration;
			buildSettings = {
				INFOPLIST_FILE = "InstaClip Share/Info.plist";
				LD_RUNPATH_SEARCH_PATHS = "$(inherited) @executable_path/Frameworks @executable_path/../../Frameworks";
				PRODUCT_BUNDLE_IDENTIFIER = "net.moonrisesoftware.InstaClip-Player.InstaClip-Share";
				PRODUCT_NAME = "$(TARGET_NAME)";
				SKIP_INSTALL = YES;
			};
			name = Release;
		};
/* End XCBuildConfiguration section */

/* Begin XCConfigurationList section */
		0359A1191B7E4BE700C2DC32 /* Build configuration list for PBXProject "InstaClip Player" */ = {
			isa = XCConfigurationList;
			buildConfigurations = (
				0359A1441B7E4BE800C2DC32 /* Debug */,
				0359A1451B7E4BE800C2DC32 /* Release */,
			);
			defaultConfigurationIsVisible = 0;
			defaultConfigurationName = Release;
		};
		0359A1461B7E4BE800C2DC32 /* Build configuration list for PBXNativeTarget "InstaClip Player" */ = {
			isa = XCConfigurationList;
			buildConfigurations = (
				0359A1471B7E4BE800C2DC32 /* Debug */,
				0359A1481B7E4BE800C2DC32 /* Release */,
			);
			defaultConfigurationIsVisible = 0;
			defaultConfigurationName = Release;
		};
		0359A1491B7E4BE800C2DC32 /* Build configuration list for PBXNativeTarget "InstaClip PlayerTests" */ = {
			isa = XCConfigurationList;
			buildConfigurations = (
				0359A14A1B7E4BE800C2DC32 /* Debug */,
				0359A14B1B7E4BE800C2DC32 /* Release */,
			);
			defaultConfigurationIsVisible = 0;
			defaultConfigurationName = Release;
		};
		0359A14C1B7E4BE800C2DC32 /* Build configuration list for PBXNativeTarget "InstaClip PlayerUITests" */ = {
			isa = XCConfigurationList;
			buildConfigurations = (
				0359A14D1B7E4BE800C2DC32 /* Debug */,
				0359A14E1B7E4BE800C2DC32 /* Release */,
			);
			defaultConfigurationIsVisible = 0;
			defaultConfigurationName = Release;
		};
		03D59C1B1B7E4E02008A1FE0 /* Build configuration list for PBXNativeTarget "InstaClip Share" */ = {
			isa = XCConfigurationList;
			buildConfigurations = (
				03D59C1C1B7E4E02008A1FE0 /* Debug */,
				03D59C1D1B7E4E02008A1FE0 /* Release */,
			);
			defaultConfigurationIsVisible = 0;
			defaultConfigurationName = Release;
		};
/* End XCConfigurationList section */
	};
	rootObject = 0359A1161B7E4BE700C2DC32 /* Project object */;
}
